schema: '2.0'
stages:
  load_data:
    cmd: python src/load_data.py --config=params.yaml
    deps:
    - path: data_given/Admission_Prediction.csv
      md5: f7c8b3e6669acba895870e4791995af7
      size: 16641
    - path: src/get_data.py
      md5: ba66d59729a7b26373887066fb24f9d1
      size: 712
    - path: src/load_data.py
      md5: 0e85695713f059c3e46b9120d4d13773
      size: 692
    outs:
    - path: data/raw/Admission_Prediction.csv
      md5: 79a2fe8bf260c60ee07f7dee3c1c4797
      size: 21849
  split_data:
    cmd: python src/split_data.py --config=params.yaml
    deps:
    - path: data/raw/Admission_Prediction.csv
      md5: 79a2fe8bf260c60ee07f7dee3c1c4797
      size: 21849
    - path: src/split_data.py
      md5: 7b082cce7fe2adb748438a9439a2a566
      size: 1073
    outs:
    - path: data/processed/test_Admission_Prediction.csv
      md5: 7efe9f360ed80fc69d39c05922d07139
      size: 4472
    - path: data/processed/train_Admission_Prediction.csv
      md5: 4d09261459f2484e972b4988f966563e
      size: 17467
  train_and_evaluate:
    cmd: python src/train_and_evaluate.py --config=params.yaml
    deps:
    - path: data/processed/test_Admission_Prediction.csv
      md5: 7efe9f360ed80fc69d39c05922d07139
      size: 4472
    - path: data/processed/train_Admission_Prediction.csv
      md5: 4d09261459f2484e972b4988f966563e
      size: 17467
    - path: src/train_and_evaluate.py
      md5: d0f55e72e414663d461c92c8485e801e
      size: 2879
    outs:
    - path: report/scores.json
      md5: df6fa59dcd2cc206c57e54b22c443c2b
      size: 101
